// !$*UTF8*$!
{
	archiveVersion = 1;
	classes = {
	};
	objectVersion = 56;
	objects = {

/* Begin PBXBuildFile section */
		8B313C842B1A071400706A73 /* IOSApp.swift in Sources */ = {isa = PBXBuildFile; fileRef = 8B313C832B1A071400706A73 /* IOSApp.swift */; };
		8B313C882B1A071600706A73 /* Assets.xcassets in Resources */ = {isa = PBXBuildFile; fileRef = 8B313C872B1A071600706A73 /* Assets.xcassets */; };
		8B313C8B2B1A071600706A73 /* Preview Assets.xcassets in Resources */ = {isa = PBXBuildFile; fileRef = 8B313C8A2B1A071600706A73 /* Preview Assets.xcassets */; };
		8B313C952B1A071600706A73 /* IOSTests.swift in Sources */ = {isa = PBXBuildFile; fileRef = 8B313C942B1A071600706A73 /* IOSTests.swift */; };
		8B313C9F2B1A071600706A73 /* IOSUITests.swift in Sources */ = {isa = PBXBuildFile; fileRef = 8B313C9E2B1A071600706A73 /* IOSUITests.swift */; };
		8B313CA12B1A071600706A73 /* IOSUITestsLaunchTests.swift in Sources */ = {isa = PBXBuildFile; fileRef = 8B313CA02B1A071600706A73 /* IOSUITestsLaunchTests.swift */; };
		8B313CB32B1A1C2D00706A73 /* TodoItemsListView.swift in Sources */ = {isa = PBXBuildFile; fileRef = 8B313CB22B1A1C2D00706A73 /* TodoItemsListView.swift */; };
		8B313CB52B1A1E8000706A73 /* ToDoListItemView.swift in Sources */ = {isa = PBXBuildFile; fileRef = 8B313CB42B1A1E8000706A73 /* ToDoListItemView.swift */; };
		8B313CB72B1E14EB00706A73 /* AddToDoItemView.swift in Sources */ = {isa = PBXBuildFile; fileRef = 8B313CB62B1E14EB00706A73 /* AddToDoItemView.swift */; };
		8B313CBB2B1E1D4200706A73 /* TodoItemDataModel.swift in Sources */ = {isa = PBXBuildFile; fileRef = 8B313CBA2B1E1D4200706A73 /* TodoItemDataModel.swift */; };
		8B313CBE2B1E27A500706A73 /* ToDoItemsListViewModel.swift in Sources */ = {isa = PBXBuildFile; fileRef = 8B313CBD2B1E27A500706A73 /* ToDoItemsListViewModel.swift */; };
		8BEC4F8D2B1F8E5A00CCA605 /* NewToDoItemViewModel.swift in Sources */ = {isa = PBXBuildFile; fileRef = 8BEC4F8C2B1F8E5A00CCA605 /* NewToDoItemViewModel.swift */; };
/* End PBXBuildFile section */

/* Begin PBXContainerItemProxy section */
		8B313C912B1A071600706A73 /* PBXContainerItemProxy */ = {
			isa = PBXContainerItemProxy;
			containerPortal = 8B313C782B1A071400706A73 /* Project object */;
			proxyType = 1;
			remoteGlobalIDString = 8B313C7F2B1A071400706A73;
			remoteInfo = IOS;
		};
		8B313C9B2B1A071600706A73 /* PBXContainerItemProxy */ = {
			isa = PBXContainerItemProxy;
			containerPortal = 8B313C782B1A071400706A73 /* Project object */;
			proxyType = 1;
			remoteGlobalIDString = 8B313C7F2B1A071400706A73;
			remoteInfo = IOS;
		};
/* End PBXContainerItemProxy section */

/* Begin PBXFileReference section */
		8B313C802B1A071400706A73 /* IOS.app */ = {isa = PBXFileReference; explicitFileType = wrapper.application; includeInIndex = 0; path = IOS.app; sourceTree = BUILT_PRODUCTS_DIR; };
		8B313C832B1A071400706A73 /* IOSApp.swift */ = {isa = PBXFileReference; lastKnownFileType = sourcecode.swift; path = IOSApp.swift; sourceTree = "<group>"; };
		8B313C872B1A071600706A73 /* Assets.xcassets */ = {isa = PBXFileReference; lastKnownFileType = folder.assetcatalog; path = Assets.xcassets; sourceTree = "<group>"; };
		8B313C8A2B1A071600706A73 /* Preview Assets.xcassets */ = {isa = PBXFileReference; lastKnownFileType = folder.assetcatalog; path = "Preview Assets.xcassets"; sourceTree = "<group>"; };
		8B313C902B1A071600706A73 /* IOSTests.xctest */ = {isa = PBXFileReference; explicitFileType = wrapper.cfbundle; includeInIndex = 0; path = IOSTests.xctest; sourceTree = BUILT_PRODUCTS_DIR; };
		8B313C942B1A071600706A73 /* IOSTests.swift */ = {isa = PBXFileReference; lastKnownFileType = sourcecode.swift; path = IOSTests.swift; sourceTree = "<group>"; };
		8B313C9A2B1A071600706A73 /* IOSUITests.xctest */ = {isa = PBXFileReference; explicitFileType = wrapper.cfbundle; includeInIndex = 0; path = IOSUITests.xctest; sourceTree = BUILT_PRODUCTS_DIR; };
		8B313C9E2B1A071600706A73 /* IOSUITests.swift */ = {isa = PBXFileReference; lastKnownFileType = sourcecode.swift; path = IOSUITests.swift; sourceTree = "<group>"; };
		8B313CA02B1A071600706A73 /* IOSUITestsLaunchTests.swift */ = {isa = PBXFileReference; lastKnownFileType = sourcecode.swift; path = IOSUITestsLaunchTests.swift; sourceTree = "<group>"; };
		8B313CB22B1A1C2D00706A73 /* TodoItemsListView.swift */ = {isa = PBXFileReference; lastKnownFileType = sourcecode.swift; path = TodoItemsListView.swift; sourceTree = "<group>"; };
		8B313CB42B1A1E8000706A73 /* ToDoListItemView.swift */ = {isa = PBXFileReference; lastKnownFileType = sourcecode.swift; path = ToDoListItemView.swift; sourceTree = "<group>"; };
		8B313CB62B1E14EB00706A73 /* AddToDoItemView.swift */ = {isa = PBXFileReference; lastKnownFileType = sourcecode.swift; path = AddToDoItemView.swift; sourceTree = "<group>"; };
		8B313CBA2B1E1D4200706A73 /* TodoItemDataModel.swift */ = {isa = PBXFileReference; lastKnownFileType = sourcecode.swift; path = TodoItemDataModel.swift; sourceTree = "<group>"; };
		8B313CBD2B1E27A500706A73 /* ToDoItemsListViewModel.swift */ = {isa = PBXFileReference; lastKnownFileType = sourcecode.swift; path = ToDoItemsListViewModel.swift; sourceTree = "<group>"; };
		8B313CC22B1F123E00706A73 /* Info.plist */ = {isa = PBXFileReference; lastKnownFileType = text.plist; path = Info.plist; sourceTree = "<group>"; };
		8BEC4F8C2B1F8E5A00CCA605 /* NewToDoItemViewModel.swift */ = {isa = PBXFileReference; lastKnownFileType = sourcecode.swift; path = NewToDoItemViewModel.swift; sourceTree = "<group>"; };
/* End PBXFileReference section */

/* Begin PBXFrameworksBuildPhase section */
		8B313C7D2B1A071400706A73 /* Frameworks */ = {
			isa = PBXFrameworksBuildPhase;
			buildActionMask = 2147483647;
			files = (
			);
			runOnlyForDeploymentPostprocessing = 0;
		};
		8B313C8D2B1A071600706A73 /* Frameworks */ = {
			isa = PBXFrameworksBuildPhase;
			buildActionMask = 2147483647;
			files = (
			);
			runOnlyForDeploymentPostprocessing = 0;
		};
		8B313C972B1A071600706A73 /* Frameworks */ = {
			isa = PBXFrameworksBuildPhase;
			buildActionMask = 2147483647;
			files = (
			);
			runOnlyForDeploymentPostprocessing = 0;
		};
/* End PBXFrameworksBuildPhase section */

/* Begin PBXGroup section */
		8B313C772B1A071400706A73 = {
			isa = PBXGroup;
			children = (
				8B313C822B1A071400706A73 /* IOS */,
				8B313C932B1A071600706A73 /* IOSTests */,
				8B313C9D2B1A071600706A73 /* IOSUITests */,
				8B313C812B1A071400706A73 /* Products */,
			);
			sourceTree = "<group>";
		};
		8B313C812B1A071400706A73 /* Products */ = {
			isa = PBXGroup;
			children = (
				8B313C802B1A071400706A73 /* IOS.app */,
				8B313C902B1A071600706A73 /* IOSTests.xctest */,
				8B313C9A2B1A071600706A73 /* IOSUITests.xctest */,
			);
			name = Products;
			sourceTree = "<group>";
		};
		8B313C822B1A071400706A73 /* IOS */ = {
			isa = PBXGroup;
			children = (
				8B313CC22B1F123E00706A73 /* Info.plist */,
				8B313C832B1A071400706A73 /* IOSApp.swift */,
				8B313CB92B1E1CC100706A73 /* ModelLayer */,
				8B313CBC2B1E278800706A73 /* ViewModelLayer */,
				8B313CB12B1A1C0000706A73 /* ViewLayer */,
				8B313C872B1A071600706A73 /* Assets.xcassets */,
				8B313C892B1A071600706A73 /* Preview Content */,
			);
			path = IOS;
			sourceTree = "<group>";
		};
		8B313C892B1A071600706A73 /* Preview Content */ = {
			isa = PBXGroup;
			children = (
				8B313C8A2B1A071600706A73 /* Preview Assets.xcassets */,
			);
			path = "Preview Content";
			sourceTree = "<group>";
		};
		8B313C932B1A071600706A73 /* IOSTests */ = {
			isa = PBXGroup;
			children = (
				8B313C942B1A071600706A73 /* IOSTests.swift */,
			);
			path = IOSTests;
			sourceTree = "<group>";
		};
		8B313C9D2B1A071600706A73 /* IOSUITests */ = {
			isa = PBXGroup;
			children = (
				8B313C9E2B1A071600706A73 /* IOSUITests.swift */,
				8B313CA02B1A071600706A73 /* IOSUITestsLaunchTests.swift */,
			);
			path = IOSUITests;
			sourceTree = "<group>";
		};
		8B313CB12B1A1C0000706A73 /* ViewLayer */ = {
			isa = PBXGroup;
			children = (
				8B313CB22B1A1C2D00706A73 /* TodoItemsListView.swift */,
				8B313CB42B1A1E8000706A73 /* ToDoListItemView.swift */,
				8B313CB62B1E14EB00706A73 /* AddToDoItemView.swift */,
			);
			path = ViewLayer;
			sourceTree = "<group>";
		};
		8B313CB92B1E1CC100706A73 /* ModelLayer */ = {
			isa = PBXGroup;
			children = (
				8B313CBA2B1E1D4200706A73 /* TodoItemDataModel.swift */,
			);
			path = ModelLayer;
			sourceTree = "<group>";
		};
		8B313CBC2B1E278800706A73 /* ViewModelLayer */ = {
			isa = PBXGroup;
			children = (
				8B313CBD2B1E27A500706A73 /* ToDoItemsListViewModel.swift */,
				8BEC4F8C2B1F8E5A00CCA605 /* NewToDoItemViewModel.swift */,
			);
			path = ViewModelLayer;
			sourceTree = "<group>";
		};
/* End PBXGroup section */

/* Begin PBXNativeTarget section */
		8B313C7F2B1A071400706A73 /* IOS */ = {
			isa = PBXNativeTarget;
			buildConfigurationList = 8B313CA42B1A071600706A73 /* Build configuration list for PBXNativeTarget "IOS" */;
			buildPhases = (
				8B313C7C2B1A071400706A73 /* Sources */,
				8B313C7D2B1A071400706A73 /* Frameworks */,
				8B313C7E2B1A071400706A73 /* Resources */,
			);
			buildRules = (
			);
			dependencies = (
			);
			name = IOS;
			productName = IOS;
			productReference = 8B313C802B1A071400706A73 /* IOS.app */;
			productType = "com.apple.product-type.application";
		};
		8B313C8F2B1A071600706A73 /* IOSTests */ = {
			isa = PBXNativeTarget;
			buildConfigurationList = 8B313CA72B1A071600706A73 /* Build configuration list for PBXNativeTarget "IOSTests" */;
			buildPhases = (
				8B313C8C2B1A071600706A73 /* Sources */,
				8B313C8D2B1A071600706A73 /* Frameworks */,
				8B313C8E2B1A071600706A73 /* Resources */,
			);
			buildRules = (
			);
			dependencies = (
				8B313C922B1A071600706A73 /* PBXTargetDependency */,
			);
			name = IOSTests;
			productName = IOSTests;
			productReference = 8B313C902B1A071600706A73 /* IOSTests.xctest */;
			productType = "com.apple.product-type.bundle.unit-test";
		};
		8B313C992B1A071600706A73 /* IOSUITests */ = {
			isa = PBXNativeTarget;
			buildConfigurationList = 8B313CAA2B1A071600706A73 /* Build configuration list for PBXNativeTarget "IOSUITests" */;
			buildPhases = (
				8B313C962B1A071600706A73 /* Sources */,
				8B313C972B1A071600706A73 /* Frameworks */,
				8B313C982B1A071600706A73 /* Resources */,
			);
			buildRules = (
			);
			dependencies = (
				8B313C9C2B1A071600706A73 /* PBXTargetDependency */,
			);
			name = IOSUITests;
			productName = IOSUITests;
			productReference = 8B313C9A2B1A071600706A73 /* IOSUITests.xctest */;
			productType = "com.apple.product-type.bundle.ui-testing";
		};
/* End PBXNativeTarget section */

/* Begin PBXProject section */
		8B313C782B1A071400706A73 /* Project object */ = {
			isa = PBXProject;
			attributes = {
				BuildIndependentTargetsInParallel = 1;
				LastSwiftUpdateCheck = 1500;
				LastUpgradeCheck = 1500;
				TargetAttributes = {
					8B313C7F2B1A071400706A73 = {
						CreatedOnToolsVersion = 15.0.1;
					};
					8B313C8F2B1A071600706A73 = {
						CreatedOnToolsVersion = 15.0.1;
						TestTargetID = 8B313C7F2B1A071400706A73;
					};
					8B313C992B1A071600706A73 = {
						CreatedOnToolsVersion = 15.0.1;
						TestTargetID = 8B313C7F2B1A071400706A73;
					};
				};
			};
			buildConfigurationList = 8B313C7B2B1A071400706A73 /* Build configuration list for PBXProject "IOS" */;
			compatibilityVersion = "Xcode 14.0";
			developmentRegion = en;
			hasScannedForEncodings = 0;
			knownRegions = (
				en,
				Base,
			);
			mainGroup = 8B313C772B1A071400706A73;
			productRefGroup = 8B313C812B1A071400706A73 /* Products */;
			projectDirPath = "";
			projectRoot = "";
			targets = (
				8B313C7F2B1A071400706A73 /* IOS */,
				8B313C8F2B1A071600706A73 /* IOSTests */,
				8B313C992B1A071600706A73 /* IOSUITests */,
			);
		};
/* End PBXProject section */

/* Begin PBXResourcesBuildPhase section */
		8B313C7E2B1A071400706A73 /* Resources */ = {
			isa = PBXResourcesBuildPhase;
			buildActionMask = 2147483647;
			files = (
				8B313C8B2B1A071600706A73 /* Preview Assets.xcassets in Resources */,
				8B313C882B1A071600706A73 /* Assets.xcassets in Resources */,
			);
			runOnlyForDeploymentPostprocessing = 0;
		};
		8B313C8E2B1A071600706A73 /* Resources */ = {
			isa = PBXResourcesBuildPhase;
			buildActionMask = 2147483647;
			files = (
			);
			runOnlyForDeploymentPostprocessing = 0;
		};
		8B313C982B1A071600706A73 /* Resources */ = {
			isa = PBXResourcesBuildPhase;
			buildActionMask = 2147483647;
			files = (
			);
			runOnlyForDeploymentPostprocessing = 0;
		};
/* End PBXResourcesBuildPhase section */

/* Begin PBXSourcesBuildPhase section */
		8B313C7C2B1A071400706A73 /* Sources */ = {
			isa = PBXSourcesBuildPhase;
			buildActionMask = 2147483647;
			files = (
				8B313CB52B1A1E8000706A73 /* ToDoListItemView.swift in Sources */,
				8B313CB72B1E14EB00706A73 /* AddToDoItemView.swift in Sources */,
				8B313CBB2B1E1D4200706A73 /* TodoItemDataModel.swift in Sources */,
				8B313CB32B1A1C2D00706A73 /* TodoItemsListView.swift in Sources */,
				8B313C842B1A071400706A73 /* IOSApp.swift in Sources */,
				8BEC4F8D2B1F8E5A00CCA605 /* NewToDoItemViewModel.swift in Sources */,
				8B313CBE2B1E27A500706A73 /* ToDoItemsListViewModel.swift in Sources */,
			);
			runOnlyForDeploymentPostprocessing = 0;
		};
		8B313C8C2B1A071600706A73 /* Sources */ = {
			isa = PBXSourcesBuildPhase;
			buildActionMask = 2147483647;
			files = (
				8B313C952B1A071600706A73 /* IOSTests.swift in Sources */,
			);
			runOnlyForDeploymentPostprocessing = 0;
		};
		8B313C962B1A071600706A73 /* Sources */ = {
			isa = PBXSourcesBuildPhase;
			buildActionMask = 2147483647;
			files = (
				8B313CA12B1A071600706A73 /* IOSUITestsLaunchTests.swift in Sources */,
				8B313C9F2B1A071600706A73 /* IOSUITests.swift in Sources */,
			);
			runOnlyForDeploymentPostprocessing = 0;
		};
/* End PBXSourcesBuildPhase section */

/* Begin PBXTargetDependency section */
		8B313C922B1A071600706A73 /* PBXTargetDependency */ = {
			isa = PBXTargetDependency;
			target = 8B313C7F2B1A071400706A73 /* IOS */;
			targetProxy = 8B313C912B1A071600706A73 /* PBXContainerItemProxy */;
		};
		8B313C9C2B1A071600706A73 /* PBXTargetDependency */ = {
			isa = PBXTargetDependency;
			target = 8B313C7F2B1A071400706A73 /* IOS */;
			targetProxy = 8B313C9B2B1A071600706A73 /* PBXContainerItemProxy */;
		};
/* End PBXTargetDependency section */

/* Begin XCBuildConfiguration section */
		8B313CA22B1A071600706A73 /* Debug */ = {
			isa = XCBuildConfiguration;
			buildSettings = {
				ALWAYS_SEARCH_USER_PATHS = NO;
				ASSETCATALOG_COMPILER_GENERATE_SWIFT_ASSET_SYMBOL_EXTENSIONS = YES;
				CLANG_ANALYZER_NONNULL = YES;
				CLANG_ANALYZER_NUMBER_OBJECT_CONVERSION = YES_AGGRESSIVE;
				CLANG_CXX_LANGUAGE_STANDARD = "gnu++20";
				CLANG_ENABLE_MODULES = YES;
				CLANG_ENABLE_OBJC_ARC = YES;
				CLANG_ENABLE_OBJC_WEAK = YES;
				CLANG_WARN_BLOCK_CAPTURE_AUTORELEASING = YES;
				CLANG_WARN_BOOL_CONVERSION = YES;
				CLANG_WARN_COMMA = YES;
				CLANG_WARN_CONSTANT_CONVERSION = YES;
				CLANG_WARN_DEPRECATED_OBJC_IMPLEMENTATIONS = YES;
				CLANG_WARN_DIRECT_OBJC_ISA_USAGE = YES_ERROR;
				CLANG_WARN_DOCUMENTATION_COMMENTS = YES;
				CLANG_WARN_EMPTY_BODY = YES;
				CLANG_WARN_ENUM_CONVERSION = YES;
				CLANG_WARN_INFINITE_RECURSION = YES;
				CLANG_WARN_INT_CONVERSION = YES;
				CLANG_WARN_NON_LITERAL_NULL_CONVERSION = YES;
				CLANG_WARN_OBJC_IMPLICIT_RETAIN_SELF = YES;
				CLANG_WARN_OBJC_LITERAL_CONVERSION = YES;
				CLANG_WARN_OBJC_ROOT_CLASS = YES_ERROR;
				CLANG_WARN_QUOTED_INCLUDE_IN_FRAMEWORK_HEADER = YES;
				CLANG_WARN_RANGE_LOOP_ANALYSIS = YES;
				CLANG_WARN_STRICT_PROTOTYPES = YES;
				CLANG_WARN_SUSPICIOUS_MOVE = YES;
				CLANG_WARN_UNGUARDED_AVAILABILITY = YES_AGGRESSIVE;
				CLANG_WARN_UNREACHABLE_CODE = YES;
				CLANG_WARN__DUPLICATE_METHOD_MATCH = YES;
				COPY_PHASE_STRIP = NO;
				DEBUG_INFORMATION_FORMAT = dwarf;
				ENABLE_STRICT_OBJC_MSGSEND = YES;
				ENABLE_TESTABILITY = YES;
				ENABLE_USER_SCRIPT_SANDBOXING = YES;
				GCC_C_LANGUAGE_STANDARD = gnu17;
				GCC_DYNAMIC_NO_PIC = NO;
				GCC_NO_COMMON_BLOCKS = YES;
				GCC_OPTIMIZATION_LEVEL = 0;
				GCC_PREPROCESSOR_DEFINITIONS = (
					"DEBUG=1",
					"$(inherited)",
				);
				GCC_WARN_64_TO_32_BIT_CONVERSION = YES;
				GCC_WARN_ABOUT_RETURN_TYPE = YES_ERROR;
				GCC_WARN_UNDECLARED_SELECTOR = YES;
				GCC_WARN_UNINITIALIZED_AUTOS = YES_AGGRESSIVE;
				GCC_WARN_UNUSED_FUNCTION = YES;
				GCC_WARN_UNUSED_VARIABLE = YES;
				IPHONEOS_DEPLOYMENT_TARGET = 17.0;
				LOCALIZATION_PREFERS_STRING_CATALOGS = YES;
				MTL_ENABLE_DEBUG_INFO = INCLUDE_SOURCE;
				MTL_FAST_MATH = YES;
				ONLY_ACTIVE_ARCH = YES;
				SDKROOT = iphoneos;
				SWIFT_ACTIVE_COMPILATION_CONDITIONS = "DEBUG $(inherited)";
				SWIFT_OPTIMIZATION_LEVEL = "-Onone";
			};
			name = Debug;
		};
		8B313CA32B1A071600706A73 /* Release */ = {
			isa = XCBuildConfiguration;
			buildSettings = {
				ALWAYS_SEARCH_USER_PATHS = NO;
				ASSETCATALOG_COMPILER_GENERATE_SWIFT_ASSET_SYMBOL_EXTENSIONS = YES;
				CLANG_ANALYZER_NONNULL = YES;
				CLANG_ANALYZER_NUMBER_OBJECT_CONVERSION = YES_AGGRESSIVE;
				CLANG_CXX_LANGUAGE_STANDARD = "gnu++20";
				CLANG_ENABLE_MODULES = YES;
				CLANG_ENABLE_OBJC_ARC = YES;
				CLANG_ENABLE_OBJC_WEAK = YES;
				CLANG_WARN_BLOCK_CAPTURE_AUTORELEASING = YES;
				CLANG_WARN_BOOL_CONVERSION = YES;
				CLANG_WARN_COMMA = YES;
				CLANG_WARN_CONSTANT_CONVERSION = YES;
				CLANG_WARN_DEPRECATED_OBJC_IMPLEMENTATIONS = YES;
				CLANG_WARN_DIRECT_OBJC_ISA_USAGE = YES_ERROR;
				CLANG_WARN_DOCUMENTATION_COMMENTS = YES;
				CLANG_WARN_EMPTY_BODY = YES;
				CLANG_WARN_ENUM_CONVERSION = YES;
				CLANG_WARN_INFINITE_RECURSION = YES;
				CLANG_WARN_INT_CONVERSION = YES;
				CLANG_WARN_NON_LITERAL_NULL_CONVERSION = YES;
				CLANG_WARN_OBJC_IMPLICIT_RETAIN_SELF = YES;
				CLANG_WARN_OBJC_LITERAL_CONVERSION = YES;
				CLANG_WARN_OBJC_ROOT_CLASS = YES_ERROR;
				CLANG_WARN_QUOTED_INCLUDE_IN_FRAMEWORK_HEADER = YES;
				CLANG_WARN_RANGE_LOOP_ANALYSIS = YES;
				CLANG_WARN_STRICT_PROTOTYPES = YES;
				CLANG_WARN_SUSPICIOUS_MOVE = YES;
				CLANG_WARN_UNGUARDED_AVAILABILITY = YES_AGGRESSIVE;
				CLANG_WARN_UNREACHABLE_CODE = YES;
				CLANG_WARN__DUPLICATE_METHOD_MATCH = YES;
				COPY_PHASE_STRIP = NO;
				DEBUG_INFORMATION_FORMAT = "dwarf-with-dsym";
				ENABLE_NS_ASSERTIONS = NO;
				ENABLE_STRICT_OBJC_MSGSEND = YES;
				ENABLE_USER_SCRIPT_SANDBOXING = YES;
				GCC_C_LANGUAGE_STANDARD = gnu17;
				GCC_NO_COMMON_BLOCKS = YES;
				GCC_WARN_64_TO_32_BIT_CONVERSION = YES;
				GCC_WARN_ABOUT_RETURN_TYPE = YES_ERROR;
				GCC_WARN_UNDECLARED_SELECTOR = YES;
				GCC_WARN_UNINITIALIZED_AUTOS = YES_AGGRESSIVE;
				GCC_WARN_UNUSED_FUNCTION = YES;
				GCC_WARN_UNUSED_VARIABLE = YES;
				IPHONEOS_DEPLOYMENT_TARGET = 17.0;
				LOCALIZATION_PREFERS_STRING_CATALOGS = YES;
				MTL_ENABLE_DEBUG_INFO = NO;
				MTL_FAST_MATH = YES;
				SDKROOT = iphoneos;
				SWIFT_COMPILATION_MODE = wholemodule;
				VALIDATE_PRODUCT = YES;
			};
			name = Release;
		};
		8B313CA52B1A071600706A73 /* Debug */ = {
			isa = XCBuildConfiguration;
			buildSettings = {
				ASSETCATALOG_COMPILER_APPICON_NAME = AppIcon;
				ASSETCATALOG_COMPILER_GLOBAL_ACCENT_COLOR_NAME = AccentColor;
				CODE_SIGN_STYLE = Automatic;
				CURRENT_PROJECT_VERSION = 1;
				DEVELOPMENT_ASSET_PATHS = "\"IOS/Preview Content\"";
				ENABLE_PREVIEWS = YES;
				GENERATE_INFOPLIST_FILE = YES;
				INFOPLIST_FILE = IOS/Info.plist;
				INFOPLIST_KEY_UIApplicationSceneManifest_Generation = YES;
				INFOPLIST_KEY_UIApplicationSupportsIndirectInputEvents = YES;
				INFOPLIST_KEY_UILaunchScreen_Generation = YES;
				INFOPLIST_KEY_UISupportedInterfaceOrientations_iPad = "UIInterfaceOrientationPortrait UIInterfaceOrientationPortraitUpsideDown UIInterfaceOrientationLandscapeLeft UIInterfaceOrientationLandscapeRight";
				INFOPLIST_KEY_UISupportedInterfaceOrientations_iPhone = "UIInterfaceOrientationPortrait UIInterfaceOrientationLandscapeLeft UIInterfaceOrientationLandscapeRight";
				LD_RUNPATH_SEARCH_PATHS = (
					"$(inherited)",
					"@executable_path/Frameworks",
				);
				MARKETING_VERSION = 1.0;
				PRODUCT_BUNDLE_IDENTIFIER = "uni-todo.IOS";
				PRODUCT_NAME = "$(TARGET_NAME)";
				SWIFT_EMIT_LOC_STRINGS = YES;
				SWIFT_VERSION = 5.0;
				TARGETED_DEVICE_FAMILY = "1,2";
			};
			name = Debug;
		};
		8B313CA62B1A071600706A73 /* Release */ = {
			isa = XCBuildConfiguration;
			buildSettings = {
				ASSETCATALOG_COMPILER_APPICON_NAME = AppIcon;
				ASSETCATALOG_COMPILER_GLOBAL_ACCENT_COLOR_NAME = AccentColor;
				CODE_SIGN_STYLE = Automatic;
				CURRENT_PROJECT_VERSION = 1;
				DEVELOPMENT_ASSET_PATHS = "\"IOS/Preview Content\"";
				ENABLE_PREVIEWS = YES;
				GENERATE_INFOPLIST_FILE = YES;
				INFOPLIST_FILE = IOS/Info.plist;
				INFOPLIST_KEY_UIApplicationSceneManifest_Generation = YES;
				INFOPLIST_KEY_UIApplicationSupportsIndirectInputEvents = YES;
				INFOPLIST_KEY_UILaunchScreen_Generation = YES;
				INFOPLIST_KEY_UISupportedInterfaceOrientations_iPad = "UIInterfaceOrientationPortrait UIInterfaceOrientationPortraitUpsideDown UIInterfaceOrientationLandscapeLeft UIInterfaceOrientationLandscapeRight";
				INFOPLIST_KEY_UISupportedInterfaceOrientations_iPhone = "UIInterfaceOrientationPortrait UIInterfaceOrientationLandscapeLeft UIInterfaceOrientationLandscapeRight";
				LD_RUNPATH_SEARCH_PATHS = (
					"$(inherited)",
					"@executable_path/Frameworks",
				);
				MARKETING_VERSION = 1.0;
				PRODUCT_BUNDLE_IDENTIFIER = "uni-todo.IOS";
				PRODUCT_NAME = "$(TARGET_NAME)";
				SWIFT_EMIT_LOC_STRINGS = YES;
				SWIFT_VERSION = 5.0;
				TARGETED_DEVICE_FAMILY = "1,2";
			};
			name = Release;
		};
		8B313CA82B1A071600706A73 /* Debug */ = {
			isa = XCBuildConfiguration;
			buildSettings = {
				ALWAYS_EMBED_SWIFT_STANDARD_LIBRARIES = YES;
				BUNDLE_LOADER = "$(TEST_HOST)";
				CODE_SIGN_STYLE = Automatic;
				CURRENT_PROJECT_VERSION = 1;
				GENERATE_INFOPLIST_FILE = YES;
				IPHONEOS_DEPLOYMENT_TARGET = 17.0;
				MARKETING_VERSION = 1.0;
				PRODUCT_BUNDLE_IDENTIFIER = "uni-todo.IOSTests";
				PRODUCT_NAME = "$(TARGET_NAME)";
				SWIFT_EMIT_LOC_STRINGS = NO;
				SWIFT_VERSION = 5.0;
				TARGETED_DEVICE_FAMILY = "1,2";
				TEST_HOST = "$(BUILT_PRODUCTS_DIR)/IOS.app/$(BUNDLE_EXECUTABLE_FOLDER_PATH)/IOS";
			};
			name = Debug;
		};
		8B313CA92B1A071600706A73 /* Release */ = {
			isa = XCBuildConfiguration;
			buildSettings = {
				ALWAYS_EMBED_SWIFT_STANDARD_LIBRARIES = YES;
				BUNDLE_LOADER = "$(TEST_HOST)";
				CODE_SIGN_STYLE = Automatic;
				CURRENT_PROJECT_VERSION = 1;
				GENERATE_INFOPLIST_FILE = YES;
				IPHONEOS_DEPLOYMENT_TARGET = 17.0;
				MARKETING_VERSION = 1.0;
				PRODUCT_BUNDLE_IDENTIFIER = "uni-todo.IOSTests";
				PRODUCT_NAME = "$(TARGET_NAME)";
				SWIFT_EMIT_LOC_STRINGS = NO;
				SWIFT_VERSION = 5.0;
				TARGETED_DEVICE_FAMILY = "1,2";
				TEST_HOST = "$(BUILT_PRODUCTS_DIR)/IOS.app/$(BUNDLE_EXECUTABLE_FOLDER_PATH)/IOS";
			};
			name = Release;
		};
		8B313CAB2B1A071600706A73 /* Debug */ = {
			isa = XCBuildConfiguration;
			buildSettings = {
				ALWAYS_EMBED_SWIFT_STANDARD_LIBRARIES = YES;
				CODE_SIGN_STYLE = Automatic;
				CURRENT_PROJECT_VERSION = 1;
				GENERATE_INFOPLIST_FILE = YES;
				MARKETING_VERSION = 1.0;
				PRODUCT_BUNDLE_IDENTIFIER = "uni-todo.IOSUITests";
				PRODUCT_NAME = "$(TARGET_NAME)";
				SWIFT_EMIT_LOC_STRINGS = NO;
				SWIFT_VERSION = 5.0;
				TARGETED_DEVICE_FAMILY = "1,2";
				TEST_TARGET_NAME = IOS;
			};
			name = Debug;
		};
		8B313CAC2B1A071600706A73 /* Release */ = {
			isa = XCBuildConfiguration;
			buildSettings = {
				ALWAYS_EMBED_SWIFT_STANDARD_LIBRARIES = YES;
				CODE_SIGN_STYLE = Automatic;
				CURRENT_PROJECT_VERSION = 1;
				GENERATE_INFOPLIST_FILE = YES;
				MARKETING_VERSION = 1.0;
				PRODUCT_BUNDLE_IDENTIFIER = "uni-todo.IOSUITests";
				PRODUCT_NAME = "$(TARGET_NAME)";
				SWIFT_EMIT_LOC_STRINGS = NO;
				SWIFT_VERSION = 5.0;
				TARGETED_DEVICE_FAMILY = "1,2";
				TEST_TARGET_NAME = IOS;
			};
			name = Release;
		};
/* End XCBuildConfiguration section */

/* Begin XCConfigurationList section */
		8B313C7B2B1A071400706A73 /* Build configuration list for PBXProject "IOS" */ = {
			isa = XCConfigurationList;
			buildConfigurations = (
				8B313CA22B1A071600706A73 /* Debug */,
				8B313CA32B1A071600706A73 /* Release */,
			);
			defaultConfigurationIsVisible = 0;
			defaultConfigurationName = Release;
		};
		8B313CA42B1A071600706A73 /* Build configuration list for PBXNativeTarget "IOS" */ = {
			isa = XCConfigurationList;
			buildConfigurations = (
				8B313CA52B1A071600706A73 /* Debug */,
				8B313CA62B1A071600706A73 /* Release */,
			);
			defaultConfigurationIsVisible = 0;
			defaultConfigurationName = Release;
		};
		8B313CA72B1A071600706A73 /* Build configuration list for PBXNativeTarget "IOSTests" */ = {
			isa = XCConfigurationList;
			buildConfigurations = (
				8B313CA82B1A071600706A73 /* Debug */,
				8B313CA92B1A071600706A73 /* Release */,
			);
			defaultConfigurationIsVisible = 0;
			defaultConfigurationName = Release;
		};
		8B313CAA2B1A071600706A73 /* Build configuration list for PBXNativeTarget "IOSUITests" */ = {
			isa = XCConfigurationList;
			buildConfigurations = (
				8B313CAB2B1A071600706A73 /* Debug */,
				8B313CAC2B1A071600706A73 /* Release */,
			);
			defaultConfigurationIsVisible = 0;
			defaultConfigurationName = Release;
		};
/* End XCConfigurationList section */
	};
	rootObject = 8B313C782B1A071400706A73 /* Project object */;
}
